<?xml version="1.0" encoding="utf-8"?>
<Project ToolsVersion="4.0" xmlns="http://schemas.microsoft.com/developer/msbuild/2003">
  <ItemGroup>
    <Filter Include="Memory">
      <UniqueIdentifier>{612bb662-3924-4b6b-86e8-9348b49e0f4c}</UniqueIdentifier>
    </Filter>
    <Filter Include="DB">
      <UniqueIdentifier>{b5a687ae-e78e-4142-ada0-b22f8abf1505}</UniqueIdentifier>
    </Filter>
    <Filter Include="Thread">
      <UniqueIdentifier>{3c90139d-1a67-4c52-84f8-0a6386299132}</UniqueIdentifier>
    </Filter>
    <Filter Include="JSON">
      <UniqueIdentifier>{1b1e19ef-df63-497f-8a72-4bb97bb272e0}</UniqueIdentifier>
    </Filter>
    <Filter Include="XML">
      <UniqueIdentifier>{82a6342a-a6af-4b20-8359-61a27c9e8261}</UniqueIdentifier>
    </Filter>
    <Filter Include="DB\MySQL">
      <UniqueIdentifier>{791383c0-a14a-4107-893b-426fc5aabe50}</UniqueIdentifier>
    </Filter>
    <Filter Include="Util">
      <UniqueIdentifier>{f4657ee8-e1e9-42e0-8ca1-b4fd39faf194}</UniqueIdentifier>
    </Filter>
    <Filter Include="Excel">
      <UniqueIdentifier>{df211cf1-837f-4aa5-9679-ad5e348671f7}</UniqueIdentifier>
    </Filter>
    <Filter Include="Crypto">
      <UniqueIdentifier>{5cbdae29-a61d-478c-a2b7-ee5856aeddef}</UniqueIdentifier>
    </Filter>
  </ItemGroup>
  <ItemGroup>
    <ClInclude Include="Memory\Containers.h">
      <Filter>Memory</Filter>
    </ClInclude>
    <ClInclude Include="Memory\CustomAllocator.h">
      <Filter>Memory</Filter>
    </ClInclude>
    <ClInclude Include="Memory\MemBuffer.h">
      <Filter>Memory</Filter>
    </ClInclude>
    <ClInclude Include="Memory\Memory.h">
      <Filter>Memory</Filter>
    </ClInclude>
    <ClInclude Include="Memory\MemoryPool.h">
      <Filter>Memory</Filter>
    </ClInclude>
    <ClInclude Include="Memory\ObjectPool.h">
      <Filter>Memory</Filter>
    </ClInclude>
    <ClInclude Include="DB\BaseODBC.h">
      <Filter>DB</Filter>
    </ClInclude>
    <ClInclude Include="DB\DBAsyncSrv.h">
      <Filter>DB</Filter>
    </ClInclude>
    <ClInclude Include="DB\DBBind.h">
      <Filter>DB</Filter>
    </ClInclude>
    <ClInclude Include="DB\DBModel.h">
      <Filter>DB</Filter>
    </ClInclude>
    <ClInclude Include="DB\DBSynchronizer.h">
      <Filter>DB</Filter>
    </ClInclude>
    <ClInclude Include="DB\OdbcAsyncSrv.h">
      <Filter>DB</Filter>
    </ClInclude>
    <ClInclude Include="DB\OdbcConnPool.h">
      <Filter>DB</Filter>
    </ClInclude>
    <ClInclude Include="pch.h" />
    <ClInclude Include="DB\MySQL\BaseMySQL.h">
      <Filter>DB\MySQL</Filter>
    </ClInclude>
    <ClInclude Include="DB\MySQL\MySQLAsyncSrv.h">
      <Filter>DB\MySQL</Filter>
    </ClInclude>
    <ClInclude Include="DB\MySQL\MySQLConnPool.h">
      <Filter>DB\MySQL</Filter>
    </ClInclude>
    <ClInclude Include="Thread\CriticalSection.h">
      <Filter>Thread</Filter>
    </ClInclude>
    <ClInclude Include="UtilCore.h" />
    <ClInclude Include="Memory\OrderedMap.h">
      <Filter>Memory</Filter>
    </ClInclude>
    <ClInclude Include="Memory\UnOrderedMap.h">
      <Filter>Memory</Filter>
    </ClInclude>
    <ClInclude Include="Memory\ClusteredMap.h">
      <Filter>Memory</Filter>
    </ClInclude>
    <ClInclude Include="BaseDefine.h" />
    <ClInclude Include="BaseGlobal.h" />
    <ClInclude Include="BaseMacro.h" />
    <ClInclude Include="BaseRedefineDataType.h" />
    <ClInclude Include="ServerConfig.h" />
    <ClInclude Include="ServiceSvr.h" />
    <ClInclude Include="JSON\JSONBase.h">
      <Filter>JSON</Filter>
    </ClInclude>
    <ClInclude Include="JSON\JSONParser.h">
      <Filter>JSON</Filter>
    </ClInclude>
    <ClInclude Include="Memory\Singleton.h">
      <Filter>Memory</Filter>
    </ClInclude>
    <ClInclude Include="XML\XMLParser.h">
      <Filter>XML</Filter>
    </ClInclude>
    <ClInclude Include="DB\AdoDB.h">
      <Filter>DB</Filter>
    </ClInclude>
    <ClInclude Include="ServerConnectInfo.h" />
    <ClInclude Include="Thread\ThreadManager.h">
      <Filter>Thread</Filter>
    </ClInclude>
    <ClInclude Include="BaseTLS.h" />
    <ClInclude Include="DB\DBMSSQLQuery.h">
      <Filter>DB</Filter>
    </ClInclude>
    <ClInclude Include="DB\DBMYSQLQuery.h">
      <Filter>DB</Filter>
    </ClInclude>
    <ClInclude Include="DB\DBORACLEQuery.h">
      <Filter>DB</Filter>
    </ClInclude>
    <ClInclude Include="DB\DBQueryProcess.h">
      <Filter>DB</Filter>
    </ClInclude>
    <ClInclude Include="DB\DBSQLQuery.h">
      <Filter>DB</Filter>
    </ClInclude>
    <ClInclude Include="DB\DBSyncBind.h">
      <Filter>DB</Filter>
    </ClInclude>
    <ClInclude Include="Thread\SpinLock.h">
      <Filter>Thread</Filter>
    </ClInclude>
    <ClInclude Include="Thread\DeadLockProfiler.h">
      <Filter>Thread</Filter>
    </ClInclude>
    <ClInclude Include="DB\DBEnum.h">
      <Filter>DB</Filter>
    </ClInclude>
    <ClInclude Include="DB\DBCommon.h">
      <Filter>DB</Filter>
    </ClInclude>
    <ClInclude Include="Util\CalculatedElapsedTime.h">
      <Filter>Util</Filter>
    </ClInclude>
    <ClInclude Include="Util\CommonUtil.h">
      <Filter>Util</Filter>
    </ClInclude>
    <ClInclude Include="Util\ConvertCharset.h">
      <Filter>Util</Filter>
    </ClInclude>
    <ClInclude Include="Util\DateTimeUtil.h">
      <Filter>Util</Filter>
    </ClInclude>
    <ClInclude Include="Memory\Stream.h">
      <Filter>Util</Filter>
    </ClInclude>
    <ClInclude Include="Util\StringUtil.h">
      <Filter>Util</Filter>
    </ClInclude>
    <ClInclude Include="Util\WebUtil.h">
      <Filter>Util</Filter>
    </ClInclude>
    <ClInclude Include="Thread\SRWLock.h">
      <Filter>Thread</Filter>
    </ClInclude>
    <ClInclude Include="Util\Endian.h">
      <Filter>Util</Filter>
    </ClInclude>
    <ClInclude Include="Thread\LockGuard.h">
      <Filter>Thread</Filter>
    </ClInclude>
    <ClInclude Include="Util\ShellUtil.h">
      <Filter>Util</Filter>
    </ClInclude>
    <ClInclude Include="Util\Regular.h">
      <Filter>Util</Filter>
    </ClInclude>
    <ClInclude Include="DB\RedisConn.h">
      <Filter>DB</Filter>
    </ClInclude>
    <ClInclude Include="Util\FileUtil.h">
      <Filter>Util</Filter>
    </ClInclude>
    <ClInclude Include="EXCEL\XlntUtil.h">
      <Filter>Excel</Filter>
    </ClInclude>
    <ClInclude Include="Util\IconvUtil.h">
      <Filter>Util</Filter>
    </ClInclude>
    <ClInclude Include="Util\BaseFile.h">
      <Filter>Util</Filter>
    </ClInclude>
    <ClInclude Include="Util\EventLog.h">
      <Filter>Util</Filter>
    </ClInclude>
    <ClInclude Include="Util\Log.h">
      <Filter>Util</Filter>
    </ClInclude>
    <ClInclude Include="Crypto\CryptoUtil.h">
      <Filter>Crypto</Filter>
    </ClInclude>
    <ClInclude Include="JSON\RapidJSONUtil.h">
      <Filter>JSON</Filter>
    </ClInclude>
  </ItemGroup>
  <ItemGroup>
    <ClCompile Include="Memory\CustomAllocator.cpp">
      <Filter>Memory</Filter>
    </ClCompile>
    <ClCompile Include="Memory\MemBuffer.cpp">
      <Filter>Memory</Filter>
    </ClCompile>
    <ClCompile Include="Memory\Memory.cpp">
      <Filter>Memory</Filter>
    </ClCompile>
    <ClCompile Include="Memory\MemoryPool.cpp">
      <Filter>Memory</Filter>
    </ClCompile>
    <ClCompile Include="DB\BaseODBC.cpp">
      <Filter>DB</Filter>
    </ClCompile>
    <ClCompile Include="DB\DBBind.cpp">
      <Filter>DB</Filter>
    </ClCompile>
    <ClCompile Include="DB\DBModel.cpp">
      <Filter>DB</Filter>
    </ClCompile>
    <ClCompile Include="DB\DBSynchronizer.cpp">
      <Filter>DB</Filter>
    </ClCompile>
    <ClCompile Include="DB\OdbcAsyncSrv.cpp">
      <Filter>DB</Filter>
    </ClCompile>
    <ClCompile Include="DB\OdbcConnPool.cpp">
      <Filter>DB</Filter>
    </ClCompile>
    <ClCompile Include="pch.cpp" />
    <ClCompile Include="DB\MySQL\BaseMySQL.cpp">
      <Filter>DB\MySQL</Filter>
    </ClCompile>
    <ClCompile Include="DB\MySQL\MySQLAsyncSrv.cpp">
      <Filter>DB\MySQL</Filter>
    </ClCompile>
    <ClCompile Include="DB\MySQL\MySQLConnPool.cpp">
      <Filter>DB\MySQL</Filter>
    </ClCompile>
    <ClCompile Include="Memory\ClusteredMap.cpp">
      <Filter>Memory</Filter>
    </ClCompile>
    <ClCompile Include="BaseGlobal.cpp" />
    <ClCompile Include="ServerConfig.cpp" />
    <ClCompile Include="ServiceSvr.cpp" />
    <ClCompile Include="JSON\JSONBase.cpp">
      <Filter>JSON</Filter>
    </ClCompile>
    <ClCompile Include="JSON\JSONParser.cpp">
      <Filter>JSON</Filter>
    </ClCompile>
    <ClCompile Include="XML\XMLParser.cpp">
      <Filter>XML</Filter>
    </ClCompile>
    <ClCompile Include="DB\AdoDB.cpp">
      <Filter>DB</Filter>
    </ClCompile>
    <ClCompile Include="Thread\ThreadManager.cpp">
      <Filter>Thread</Filter>
    </ClCompile>
    <ClCompile Include="BaseTLS.cpp" />
    <ClCompile Include="Thread\SpinLock.cpp">
      <Filter>Thread</Filter>
    </ClCompile>
    <ClCompile Include="Thread\DeadLockProfiler.cpp">
      <Filter>Thread</Filter>
    </ClCompile>
    <ClCompile Include="Util\CommonUtil.cpp">
      <Filter>Util</Filter>
    </ClCompile>
    <ClCompile Include="Util\ConvertCharset.cpp">
      <Filter>Util</Filter>
    </ClCompile>
    <ClCompile Include="Util\DateTimeUtil.cpp">
      <Filter>Util</Filter>
    </ClCompile>
    <ClCompile Include="DB\DBQueryProcess.cpp">
      <Filter>DB</Filter>
    </ClCompile>
    <ClCompile Include="Util\StringUtil.cpp">
      <Filter>Util</Filter>
    </ClCompile>
    <ClCompile Include="Util\WebUtil.cpp">
      <Filter>Util</Filter>
    </ClCompile>
    <ClCompile Include="Memory\Stream.cpp">
      <Filter>Util</Filter>
    </ClCompile>
    <ClCompile Include="Thread\SRWLock.cpp">
      <Filter>Thread</Filter>
    </ClCompile>
    <ClCompile Include="Util\Endian.cpp">
      <Filter>Util</Filter>
    </ClCompile>
    <ClCompile Include="Util\ShellUtil.cpp">
      <Filter>Util</Filter>
    </ClCompile>
    <ClCompile Include="Util\Regular.cpp">
      <Filter>Util</Filter>
    </ClCompile>
    <ClCompile Include="Util\FileUtil.cpp">
      <Filter>Util</Filter>
    </ClCompile>
    <ClCompile Include="EXCEL\XlntUtil.cpp">
      <Filter>Excel</Filter>
    </ClCompile>
    <ClCompile Include="Util\IconvUtil.cpp">
      <Filter>Util</Filter>
    </ClCompile>
    <ClCompile Include="Util\BaseFile.cpp">
      <Filter>Util</Filter>
    </ClCompile>
    <ClCompile Include="Util\EventLog.cpp">
      <Filter>Util</Filter>
    </ClCompile>
    <ClCompile Include="Util\Log.cpp">
      <Filter>Util</Filter>
    </ClCompile>
    <ClCompile Include="Crypto\CryptoUtil.cpp">
      <Filter>Crypto</Filter>
    </ClCompile>
    <ClCompile Include="JSON\RapidJSONUtil.cpp">
      <Filter>JSON</Filter>
    </ClCompile>
  </ItemGroup>
  <ItemGroup>
    <None Include="DB\BaseODBC.inl">
      <Filter>DB</Filter>
    </None>
    <None Include="DB\DB_ColAttr.inl">
      <Filter>DB</Filter>
    </None>
    <None Include="DB\DB_Error.inl">
      <Filter>DB</Filter>
    </None>
    <None Include="DB\DB_ParamAttr.inl">
      <Filter>DB</Filter>
    </None>
    <None Include="DB\MySQL\MySQL_ParamAttr.inl">
      <Filter>DB\MySQL</Filter>
    </None>
    <None Include="JSON\JSONParser.inl">
      <Filter>JSON</Filter>
    </None>
    <None Include="Memory\Singleton.inl">
      <Filter>Memory</Filter>
    </None>
    <None Include="Memory\OrderedMap.inl">
      <Filter>Memory</Filter>
    </None>
    <None Include="Memory\UnOrderedMap.inl">
      <Filter>Memory</Filter>
    </None>
    <None Include="JSON\RapidJSONUtil.inl">
      <Filter>JSON</Filter>
    </None>
    <None Include="Excel\XlntUtil.inl">
      <Filter>Excel</Filter>
    </None>
  </ItemGroup>
</Project>